
Microsoft Visual Studio Solution File, Format Version 12.00
# Visual Studio Version 17
VisualStudioVersion = 17.4.33205.214
MinimumVisualStudioVersion = 10.0.40219.1
Project("{FAE04EC0-301F-11D3-BF4B-00C04F79EFBC}") = "App", "App\App.csproj", "{4FD922CE-D611-4C3B-AD52-2D7CB637292E}"
EndProject
Project("{FAE04EC0-301F-11D3-BF4B-00C04F79EFBC}") = "UnitTest", "UnitTest\UnitTest.csproj", "{CFD9CE73-903B-490A-B13B-17C5BAD4E008}"
EndProject
Project("{2150E333-8FDC-42A3-9474-1A3956D46DE8}") = "Элементы решения", "Элементы решения", "{586F53E3-160A-4115-B244-3EBA6D5D5B38}"
	ProjectSection(SolutionItems) = preProject
		Notes.txt = Notes.txt
	EndProjectSection
EndProject
Global
	GlobalSection(SolutionConfigurationPlatforms) = preSolution
		Debug|Any CPU = Debug|Any CPU
		Release|Any CPU = Release|Any CPU
	EndGlobalSection
	GlobalSection(ProjectConfigurationPlatforms) = postSolution
		{4FD922CE-D611-4C3B-AD52-2D7CB637292E}.Debug|Any CPU.ActiveCfg = Debug|Any CPU
		{4FD922CE-D611-4C3B-AD52-2D7CB637292E}.Debug|Any CPU.Build.0 = Debug|Any CPU
		{4FD922CE-D611-4C3B-AD52-2D7CB637292E}.Release|Any CPU.ActiveCfg = Release|Any CPU
		{4FD922CE-D611-4C3B-AD52-2D7CB637292E}.Release|Any CPU.Build.0 = Release|Any CPU
		{CFD9CE73-903B-490A-B13B-17C5BAD4E008}.Debug|Any CPU.ActiveCfg = Debug|Any CPU
		{CFD9CE73-903B-490A-B13B-17C5BAD4E008}.Debug|Any CPU.Build.0 = Debug|Any CPU
		{CFD9CE73-903B-490A-B13B-17C5BAD4E008}.Release|Any CPU.ActiveCfg = Release|Any CPU
		{CFD9CE73-903B-490A-B13B-17C5BAD4E008}.Release|Any CPU.Build.0 = Release|Any CPU
	EndGlobalSection
	GlobalSection(SolutionProperties) = preSolution
		HideSolutionNode = FALSE
	EndGlobalSection
	GlobalSection(ExtensibilityGlobals) = postSolution
		SolutionGuid = {B39DA468-368B-4B36-AC46-BFDC3AE06C20}
	EndGlobalSection
EndGlobal
